
Microsoft Visual Studio Solution File, Format Version 12.00
# Visual Studio Version 17
VisualStudioVersion = 17.0.31912.275
MinimumVisualStudioVersion = 10.0.40219.1
Project("{FAE04EC0-301F-11D3-BF4B-00C04F79EFBC}") = "Servicios", "Servicios\Servicios.csproj", "{D263D045-CA3D-4969-B099-ED1453429A7F}"
EndProject
Project("{FAE04EC0-301F-11D3-BF4B-00C04F79EFBC}") = "Presentacion", "Presentacion\Presentacion.csproj", "{684BEA89-922E-4E26-9E9D-DB01A2F9EB3C}"
EndProject
Global
	GlobalSection(SolutionConfigurationPlatforms) = preSolution
		Debug|Any CPU = Debug|Any CPU
		Release|Any CPU = Release|Any CPU
	EndGlobalSection
	GlobalSection(ProjectConfigurationPlatforms) = postSolution
		{D263D045-CA3D-4969-B099-ED1453429A7F}.Debug|Any CPU.ActiveCfg = Debug|Any CPU
		{D263D045-CA3D-4969-B099-ED1453429A7F}.Debug|Any CPU.Build.0 = Debug|Any CPU
		{D263D045-CA3D-4969-B099-ED1453429A7F}.Release|Any CPU.ActiveCfg = Release|Any CPU
		{D263D045-CA3D-4969-B099-ED1453429A7F}.Release|Any CPU.Build.0 = Release|Any CPU
		{684BEA89-922E-4E26-9E9D-DB01A2F9EB3C}.Debug|Any CPU.ActiveCfg = Debug|Any CPU
		{684BEA89-922E-4E26-9E9D-DB01A2F9EB3C}.Debug|Any CPU.Build.0 = Debug|Any CPU
		{684BEA89-922E-4E26-9E9D-DB01A2F9EB3C}.Release|Any CPU.ActiveCfg = Release|Any CPU
		{684BEA89-922E-4E26-9E9D-DB01A2F9EB3C}.Release|Any CPU.Build.0 = Release|Any CPU
	EndGlobalSection
	GlobalSection(SolutionProperties) = preSolution
		HideSolutionNode = FALSE
	EndGlobalSection
	GlobalSection(ExtensibilityGlobals) = postSolution
		SolutionGuid = {211A569E-1E19-47AA-8EFD-F0D175ACF70E}
	EndGlobalSection
EndGlobal
